// !$*UTF8*$!
{
	archiveVersion = 1;
	classes = {
	};
	objectVersion = 46;
	objects = {

/* Begin PBXBuildFile section */
		575530A51C5B6C4B002FD82B /* high.png in Resources */ = {isa = PBXBuildFile; fileRef = 575530A21C5B6C4B002FD82B /* high.png */; };
		575530A61C5B6C4B002FD82B /* low.png in Resources */ = {isa = PBXBuildFile; fileRef = 575530A31C5B6C4B002FD82B /* low.png */; };
		575530A71C5B6C4B002FD82B /* middle.png in Resources */ = {isa = PBXBuildFile; fileRef = 575530A41C5B6C4B002FD82B /* middle.png */; };
		57A6E37F1C48E7DA00902F01 /* Blelan.h in Headers */ = {isa = PBXBuildFile; fileRef = 57A6E37E1C48E7DA00902F01 /* Blelan.h */; settings = {ATTRIBUTES = (Public, ); }; };
		57CEABA51C4E23E10064B3AB /* Blelan.m in Sources */ = {isa = PBXBuildFile; fileRef = 57CEABA41C4E23E10064B3AB /* Blelan.m */; };
		7A3D5DA91C88A26A001461DA /* CentralManager.h in Headers */ = {isa = PBXBuildFile; fileRef = 7A3D5DA51C88A26A001461DA /* CentralManager.h */; };
		7A3D5DAA1C88A26A001461DA /* CentralManager.m in Sources */ = {isa = PBXBuildFile; fileRef = 7A3D5DA61C88A26A001461DA /* CentralManager.m */; };
		7A3D5DAB1C88A26A001461DA /* CPeripheral.h in Headers */ = {isa = PBXBuildFile; fileRef = 7A3D5DA71C88A26A001461DA /* CPeripheral.h */; };
		7A3D5DAC1C88A26A001461DA /* CPeripheral.m in Sources */ = {isa = PBXBuildFile; fileRef = 7A3D5DA81C88A26A001461DA /* CPeripheral.m */; };
		7A3D5DAF1C88A27F001461DA /* CCentral.h in Headers */ = {isa = PBXBuildFile; fileRef = 7A3D5DAD1C88A27F001461DA /* CCentral.h */; };
		7A3D5DB01C88A27F001461DA /* CCentral.m in Sources */ = {isa = PBXBuildFile; fileRef = 7A3D5DAE1C88A27F001461DA /* CCentral.m */; };
		7A3D5DB31C88A29D001461DA /* Payload.h in Headers */ = {isa = PBXBuildFile; fileRef = 7A3D5DB11C88A29D001461DA /* Payload.h */; };
		7A3D5DB41C88A29D001461DA /* Payload.m in Sources */ = {isa = PBXBuildFile; fileRef = 7A3D5DB21C88A29D001461DA /* Payload.m */; };
		7A3D5DB71C88A2CA001461DA /* CentralListViewController.h in Headers */ = {isa = PBXBuildFile; fileRef = 7A3D5DB51C88A2CA001461DA /* CentralListViewController.h */; };
		7A3D5DB81C88A2CA001461DA /* CentralListViewController.m in Sources */ = {isa = PBXBuildFile; fileRef = 7A3D5DB61C88A2CA001461DA /* CentralListViewController.m */; };
		7A3D5DBB1C88A2D5001461DA /* PeripheralListViewController.h in Headers */ = {isa = PBXBuildFile; fileRef = 7A3D5DB91C88A2D5001461DA /* PeripheralListViewController.h */; };
		7A3D5DBC1C88A2D5001461DA /* PeripheralListViewController.m in Sources */ = {isa = PBXBuildFile; fileRef = 7A3D5DBA1C88A2D5001461DA /* PeripheralListViewController.m */; };
		7A3D5DC11C88A2ED001461DA /* CentralListView.h in Headers */ = {isa = PBXBuildFile; fileRef = 7A3D5DBD1C88A2ED001461DA /* CentralListView.h */; };
		7A3D5DC21C88A2ED001461DA /* CentralListView.m in Sources */ = {isa = PBXBuildFile; fileRef = 7A3D5DBE1C88A2ED001461DA /* CentralListView.m */; };
		7A3D5DC31C88A2ED001461DA /* CentralListViewCell.h in Headers */ = {isa = PBXBuildFile; fileRef = 7A3D5DBF1C88A2ED001461DA /* CentralListViewCell.h */; };
		7A3D5DC41C88A2ED001461DA /* CentralListViewCell.m in Sources */ = {isa = PBXBuildFile; fileRef = 7A3D5DC01C88A2ED001461DA /* CentralListViewCell.m */; };
		7A3D5DC91C88A300001461DA /* PeripheralListView.h in Headers */ = {isa = PBXBuildFile; fileRef = 7A3D5DC51C88A300001461DA /* PeripheralListView.h */; };
		7A3D5DCA1C88A300001461DA /* PeripheralListView.m in Sources */ = {isa = PBXBuildFile; fileRef = 7A3D5DC61C88A300001461DA /* PeripheralListView.m */; };
		7A3D5DCB1C88A300001461DA /* PeripheralListViewCell.h in Headers */ = {isa = PBXBuildFile; fileRef = 7A3D5DC71C88A300001461DA /* PeripheralListViewCell.h */; };
		7A3D5DCC1C88A300001461DA /* PeripheralListViewCell.m in Sources */ = {isa = PBXBuildFile; fileRef = 7A3D5DC81C88A300001461DA /* PeripheralListViewCell.m */; };
		7A3D5DD21C88A32B001461DA /* FBShimmering.h in Headers */ = {isa = PBXBuildFile; fileRef = 7A3D5DCD1C88A32B001461DA /* FBShimmering.h */; };
		7A3D5DD31C88A32B001461DA /* FBShimmeringLayer.h in Headers */ = {isa = PBXBuildFile; fileRef = 7A3D5DCE1C88A32B001461DA /* FBShimmeringLayer.h */; };
		7A3D5DD41C88A32B001461DA /* FBShimmeringLayer.m in Sources */ = {isa = PBXBuildFile; fileRef = 7A3D5DCF1C88A32B001461DA /* FBShimmeringLayer.m */; };
		7A3D5DD51C88A32B001461DA /* FBShimmeringView.h in Headers */ = {isa = PBXBuildFile; fileRef = 7A3D5DD01C88A32B001461DA /* FBShimmeringView.h */; };
		7A3D5DD61C88A32B001461DA /* FBShimmeringView.m in Sources */ = {isa = PBXBuildFile; fileRef = 7A3D5DD11C88A32B001461DA /* FBShimmeringView.m */; };
		7A3D5DD91C88A345001461DA /* FXBlurView.h in Headers */ = {isa = PBXBuildFile; fileRef = 7A3D5DD71C88A345001461DA /* FXBlurView.h */; };
		7A3D5DDA1C88A345001461DA /* FXBlurView.m in Sources */ = {isa = PBXBuildFile; fileRef = 7A3D5DD81C88A345001461DA /* FXBlurView.m */; };
		7A424C7A1C8DCC3C00AD6D3B /* NSObject+Format.h in Headers */ = {isa = PBXBuildFile; fileRef = 7A424C781C8DCC3C00AD6D3B /* NSObject+Format.h */; };
		7A424C7B1C8DCC3C00AD6D3B /* NSObject+Format.m in Sources */ = {isa = PBXBuildFile; fileRef = 7A424C791C8DCC3C00AD6D3B /* NSObject+Format.m */; };
		7A9D0A801C49E1DD006F1F71 /* CoreBluetooth.framework in Frameworks */ = {isa = PBXBuildFile; fileRef = 7A9D0A7F1C49E1DD006F1F71 /* CoreBluetooth.framework */; };
		7A9D0A861C49E926006F1F71 /* UIKit.framework in Frameworks */ = {isa = PBXBuildFile; fileRef = 7A9D0A851C49E926006F1F71 /* UIKit.framework */; };
		7A9D0A881C4A3DBB006F1F71 /* Constants.h in Headers */ = {isa = PBXBuildFile; fileRef = 7A9D0A871C4A3DBB006F1F71 /* Constants.h */; };
		7A9D0A9E1C4B6835006F1F71 /* helper.h in Headers */ = {isa = PBXBuildFile; fileRef = 7A9D0A9C1C4B6835006F1F71 /* helper.h */; };
		7A9D0A9F1C4B6835006F1F71 /* helper.m in Sources */ = {isa = PBXBuildFile; fileRef = 7A9D0A9D1C4B6835006F1F71 /* helper.m */; };
/* End PBXBuildFile section */

/* Begin PBXFileReference section */
		575530A21C5B6C4B002FD82B /* high.png */ = {isa = PBXFileReference; lastKnownFileType = image.png; name = high.png; path = BLELAN/pic/high.png; sourceTree = "<group>"; };
		575530A31C5B6C4B002FD82B /* low.png */ = {isa = PBXFileReference; lastKnownFileType = image.png; name = low.png; path = BLELAN/pic/low.png; sourceTree = "<group>"; };
		575530A41C5B6C4B002FD82B /* middle.png */ = {isa = PBXFileReference; lastKnownFileType = image.png; name = middle.png; path = BLELAN/pic/middle.png; sourceTree = "<group>"; };
		57A6E37B1C48E7DA00902F01 /* Blelan.framework */ = {isa = PBXFileReference; explicitFileType = wrapper.framework; includeInIndex = 0; path = Blelan.framework; sourceTree = BUILT_PRODUCTS_DIR; };
		57A6E37E1C48E7DA00902F01 /* Blelan.h */ = {isa = PBXFileReference; lastKnownFileType = sourcecode.c.h; path = Blelan.h; sourceTree = "<group>"; };
		57A6E3801C48E7DA00902F01 /* Info.plist */ = {isa = PBXFileReference; lastKnownFileType = text.plist.xml; path = Info.plist; sourceTree = "<group>"; };
		57CEABA41C4E23E10064B3AB /* Blelan.m */ = {isa = PBXFileReference; fileEncoding = 4; lastKnownFileType = sourcecode.c.objc; path = Blelan.m; sourceTree = "<group>"; };
		7A3D5DA51C88A26A001461DA /* CentralManager.h */ = {isa = PBXFileReference; fileEncoding = 4; lastKnownFileType = sourcecode.c.h; name = CentralManager.h; path = BLELAN/model/peripheral/CentralManager.h; sourceTree = "<group>"; };
		7A3D5DA61C88A26A001461DA /* CentralManager.m */ = {isa = PBXFileReference; fileEncoding = 4; lastKnownFileType = sourcecode.c.objc; name = CentralManager.m; path = BLELAN/model/peripheral/CentralManager.m; sourceTree = "<group>"; };
		7A3D5DA71C88A26A001461DA /* CPeripheral.h */ = {isa = PBXFileReference; fileEncoding = 4; lastKnownFileType = sourcecode.c.h; name = CPeripheral.h; path = BLELAN/model/peripheral/CPeripheral.h; sourceTree = "<group>"; };
		7A3D5DA81C88A26A001461DA /* CPeripheral.m */ = {isa = PBXFileReference; fileEncoding = 4; lastKnownFileType = sourcecode.c.objc; name = CPeripheral.m; path = BLELAN/model/peripheral/CPeripheral.m; sourceTree = "<group>"; };
		7A3D5DAD1C88A27F001461DA /* CCentral.h */ = {isa = PBXFileReference; fileEncoding = 4; lastKnownFileType = sourcecode.c.h; name = CCentral.h; path = BLELAN/model/central/CCentral.h; sourceTree = "<group>"; };
		7A3D5DAE1C88A27F001461DA /* CCentral.m */ = {isa = PBXFileReference; fileEncoding = 4; lastKnownFileType = sourcecode.c.objc; name = CCentral.m; path = BLELAN/model/central/CCentral.m; sourceTree = "<group>"; };
		7A3D5DB11C88A29D001461DA /* Payload.h */ = {isa = PBXFileReference; fileEncoding = 4; lastKnownFileType = sourcecode.c.h; name = Payload.h; path = model/payload/Payload.h; sourceTree = "<group>"; };
		7A3D5DB21C88A29D001461DA /* Payload.m */ = {isa = PBXFileReference; fileEncoding = 4; lastKnownFileType = sourcecode.c.objc; name = Payload.m; path = model/payload/Payload.m; sourceTree = "<group>"; };
		7A3D5DB51C88A2CA001461DA /* CentralListViewController.h */ = {isa = PBXFileReference; fileEncoding = 4; lastKnownFileType = sourcecode.c.h; name = CentralListViewController.h; path = controller/peripheral/CentralListViewController.h; sourceTree = "<group>"; };
		7A3D5DB61C88A2CA001461DA /* CentralListViewController.m */ = {isa = PBXFileReference; fileEncoding = 4; lastKnownFileType = sourcecode.c.objc; name = CentralListViewController.m; path = controller/peripheral/CentralListViewController.m; sourceTree = "<group>"; };
		7A3D5DB91C88A2D5001461DA /* PeripheralListViewController.h */ = {isa = PBXFileReference; fileEncoding = 4; lastKnownFileType = sourcecode.c.h; name = PeripheralListViewController.h; path = controller/central/PeripheralListViewController.h; sourceTree = "<group>"; };
		7A3D5DBA1C88A2D5001461DA /* PeripheralListViewController.m */ = {isa = PBXFileReference; fileEncoding = 4; lastKnownFileType = sourcecode.c.objc; name = PeripheralListViewController.m; path = controller/central/PeripheralListViewController.m; sourceTree = "<group>"; };
		7A3D5DBD1C88A2ED001461DA /* CentralListView.h */ = {isa = PBXFileReference; fileEncoding = 4; lastKnownFileType = sourcecode.c.h; name = CentralListView.h; path = BLELAN/view/peripheral/CentralListView.h; sourceTree = "<group>"; };
		7A3D5DBE1C88A2ED001461DA /* CentralListView.m */ = {isa = PBXFileReference; fileEncoding = 4; lastKnownFileType = sourcecode.c.objc; name = CentralListView.m; path = BLELAN/view/peripheral/CentralListView.m; sourceTree = "<group>"; };
		7A3D5DBF1C88A2ED001461DA /* CentralListViewCell.h */ = {isa = PBXFileReference; fileEncoding = 4; lastKnownFileType = sourcecode.c.h; name = CentralListViewCell.h; path = BLELAN/view/peripheral/CentralListViewCell.h; sourceTree = "<group>"; };
		7A3D5DC01C88A2ED001461DA /* CentralListViewCell.m */ = {isa = PBXFileReference; fileEncoding = 4; lastKnownFileType = sourcecode.c.objc; name = CentralListViewCell.m; path = BLELAN/view/peripheral/CentralListViewCell.m; sourceTree = "<group>"; };
		7A3D5DC51C88A300001461DA /* PeripheralListView.h */ = {isa = PBXFileReference; fileEncoding = 4; lastKnownFileType = sourcecode.c.h; name = PeripheralListView.h; path = BLELAN/view/central/PeripheralListView.h; sourceTree = "<group>"; };
		7A3D5DC61C88A300001461DA /* PeripheralListView.m */ = {isa = PBXFileReference; fileEncoding = 4; lastKnownFileType = sourcecode.c.objc; name = PeripheralListView.m; path = BLELAN/view/central/PeripheralListView.m; sourceTree = "<group>"; };
		7A3D5DC71C88A300001461DA /* PeripheralListViewCell.h */ = {isa = PBXFileReference; fileEncoding = 4; lastKnownFileType = sourcecode.c.h; name = PeripheralListViewCell.h; path = BLELAN/view/central/PeripheralListViewCell.h; sourceTree = "<group>"; };
		7A3D5DC81C88A300001461DA /* PeripheralListViewCell.m */ = {isa = PBXFileReference; fileEncoding = 4; lastKnownFileType = sourcecode.c.objc; name = PeripheralListViewCell.m; path = BLELAN/view/central/PeripheralListViewCell.m; sourceTree = "<group>"; };
		7A3D5DCD1C88A32B001461DA /* FBShimmering.h */ = {isa = PBXFileReference; fileEncoding = 4; lastKnownFileType = sourcecode.c.h; name = FBShimmering.h; path = BLELAN/view/third/FBShimmering/FBShimmering.h; sourceTree = SOURCE_ROOT; };
		7A3D5DCE1C88A32B001461DA /* FBShimmeringLayer.h */ = {isa = PBXFileReference; fileEncoding = 4; lastKnownFileType = sourcecode.c.h; name = FBShimmeringLayer.h; path = BLELAN/view/third/FBShimmering/FBShimmeringLayer.h; sourceTree = SOURCE_ROOT; };
		7A3D5DCF1C88A32B001461DA /* FBShimmeringLayer.m */ = {isa = PBXFileReference; fileEncoding = 4; lastKnownFileType = sourcecode.c.objc; name = FBShimmeringLayer.m; path = BLELAN/view/third/FBShimmering/FBShimmeringLayer.m; sourceTree = SOURCE_ROOT; };
		7A3D5DD01C88A32B001461DA /* FBShimmeringView.h */ = {isa = PBXFileReference; fileEncoding = 4; lastKnownFileType = sourcecode.c.h; name = FBShimmeringView.h; path = BLELAN/view/third/FBShimmering/FBShimmeringView.h; sourceTree = SOURCE_ROOT; };
		7A3D5DD11C88A32B001461DA /* FBShimmeringView.m */ = {isa = PBXFileReference; fileEncoding = 4; lastKnownFileType = sourcecode.c.objc; name = FBShimmeringView.m; path = BLELAN/view/third/FBShimmering/FBShimmeringView.m; sourceTree = SOURCE_ROOT; };
		7A3D5DD71C88A345001461DA /* FXBlurView.h */ = {isa = PBXFileReference; fileEncoding = 4; lastKnownFileType = sourcecode.c.h; name = FXBlurView.h; path = BLELAN/view/third/FXBlurView/FXBlurView.h; sourceTree = SOURCE_ROOT; };
		7A3D5DD81C88A345001461DA /* FXBlurView.m */ = {isa = PBXFileReference; fileEncoding = 4; lastKnownFileType = sourcecode.c.objc; name = FXBlurView.m; path = BLELAN/view/third/FXBlurView/FXBlurView.m; sourceTree = SOURCE_ROOT; };
		7A424C781C8DCC3C00AD6D3B /* NSObject+Format.h */ = {isa = PBXFileReference; fileEncoding = 4; lastKnownFileType = sourcecode.c.h; name = "NSObject+Format.h"; path = "BLELAN/model/NSObject+Format.h"; sourceTree = "<group>"; };
		7A424C791C8DCC3C00AD6D3B /* NSObject+Format.m */ = {isa = PBXFileReference; fileEncoding = 4; lastKnownFileType = sourcecode.c.objc; name = "NSObject+Format.m"; path = "BLELAN/model/NSObject+Format.m"; sourceTree = "<group>"; };
		7A9D0A7F1C49E1DD006F1F71 /* CoreBluetooth.framework */ = {isa = PBXFileReference; lastKnownFileType = wrapper.framework; name = CoreBluetooth.framework; path = System/Library/Frameworks/CoreBluetooth.framework; sourceTree = SDKROOT; };
		7A9D0A851C49E926006F1F71 /* UIKit.framework */ = {isa = PBXFileReference; lastKnownFileType = wrapper.framework; name = UIKit.framework; path = System/Library/Frameworks/UIKit.framework; sourceTree = SDKROOT; };
		7A9D0A871C4A3DBB006F1F71 /* Constants.h */ = {isa = PBXFileReference; fileEncoding = 4; lastKnownFileType = sourcecode.c.h; path = Constants.h; sourceTree = "<group>"; };
		7A9D0A9C1C4B6835006F1F71 /* helper.h */ = {isa = PBXFileReference; fileEncoding = 4; lastKnownFileType = sourcecode.c.h; name = helper.h; path = utility/helper.h; sourceTree = "<group>"; };
		7A9D0A9D1C4B6835006F1F71 /* helper.m */ = {isa = PBXFileReference; fileEncoding = 4; lastKnownFileType = sourcecode.c.objc; name = helper.m; path = utility/helper.m; sourceTree = "<group>"; };
/* End PBXFileReference section */

/* Begin PBXFrameworksBuildPhase section */
		57A6E3771C48E7DA00902F01 /* Frameworks */ = {
			isa = PBXFrameworksBuildPhase;
			buildActionMask = 2147483647;
			files = (
				7A9D0A861C49E926006F1F71 /* UIKit.framework in Frameworks */,
				7A9D0A801C49E1DD006F1F71 /* CoreBluetooth.framework in Frameworks */,
			);
			runOnlyForDeploymentPostprocessing = 0;
		};
/* End PBXFrameworksBuildPhase section */

/* Begin PBXGroup section */
		575530A11C5B6C1C002FD82B /* PIC */ = {
			isa = PBXGroup;
			children = (
				575530A21C5B6C4B002FD82B /* high.png */,
				575530A31C5B6C4B002FD82B /* low.png */,
				575530A41C5B6C4B002FD82B /* middle.png */,
			);
			name = PIC;
			sourceTree = "<group>";
		};
		578191881C608B23003E9F0B /* Third */ = {
			isa = PBXGroup;
			children = (
				578191931C608BB5003E9F0B /* FBShimmering */,
				578191991C608BB5003E9F0B /* FXBlurView */,
			);
			name = Third;
			path = BLELAN;
			sourceTree = "<group>";
		};
		578191931C608BB5003E9F0B /* FBShimmering */ = {
			isa = PBXGroup;
			children = (
				7A3D5DCD1C88A32B001461DA /* FBShimmering.h */,
				7A3D5DCE1C88A32B001461DA /* FBShimmeringLayer.h */,
				7A3D5DCF1C88A32B001461DA /* FBShimmeringLayer.m */,
				7A3D5DD01C88A32B001461DA /* FBShimmeringView.h */,
				7A3D5DD11C88A32B001461DA /* FBShimmeringView.m */,
			);
			name = FBShimmering;
			path = third/FBShimmering;
			sourceTree = "<group>";
		};
		578191991C608BB5003E9F0B /* FXBlurView */ = {
			isa = PBXGroup;
			children = (
				7A3D5DD71C88A345001461DA /* FXBlurView.h */,
				7A3D5DD81C88A345001461DA /* FXBlurView.m */,
			);
			name = FXBlurView;
			path = third/FXBlurView;
			sourceTree = "<group>";
		};
		57A6E3711C48E7DA00902F01 = {
			isa = PBXGroup;
			children = (
				575530A11C5B6C1C002FD82B /* PIC */,
				57A6E37D1C48E7DA00902F01 /* BLELAN */,
				57A6E37C1C48E7DA00902F01 /* Products */,
				7A9D0A811C49E1EB006F1F71 /* Framework */,
			);
			sourceTree = "<group>";
		};
		57A6E37C1C48E7DA00902F01 /* Products */ = {
			isa = PBXGroup;
			children = (
				57A6E37B1C48E7DA00902F01 /* Blelan.framework */,
			);
			name = Products;
			sourceTree = "<group>";
		};
		57A6E37D1C48E7DA00902F01 /* BLELAN */ = {
			isa = PBXGroup;
			children = (
				7A3D5DA01C889EFF001461DA /* Model */,
				7A3D5D9E1C889EF0001461DA /* Controller */,
				7A3D5D9F1C889EF8001461DA /* Views */,
				7A9D0A821C49E74A006F1F71 /* Utility */,
				57A6E37E1C48E7DA00902F01 /* Blelan.h */,
				57CEABA41C4E23E10064B3AB /* Blelan.m */,
				57A6E3801C48E7DA00902F01 /* Info.plist */,
			);
			path = BLELAN;
			sourceTree = "<group>";
		};
		7A3D5D9E1C889EF0001461DA /* Controller */ = {
			isa = PBXGroup;
			children = (
				7A9D0A721C49D582006F1F71 /* As a peripheral */,
				7A9D0A711C49D568006F1F71 /* As a Central */,
			);
			name = Controller;
			path = ..;
			sourceTree = "<group>";
		};
		7A3D5D9F1C889EF8001461DA /* Views */ = {
			isa = PBXGroup;
			children = (
				578191881C608B23003E9F0B /* Third */,
				7A3D5DA21C889FEB001461DA /* Peripheral */,
				7A3D5DA11C889FE1001461DA /* Central */,
			);
			name = Views;
			path = ..;
			sourceTree = "<group>";
		};
		7A3D5DA01C889EFF001461DA /* Model */ = {
			isa = PBXGroup;
			children = (
				7A9D0AA41C4B957E006F1F71 /* Payload */,
				7A3D5DA41C88A0CA001461DA /* Peripheral */,
				7A3D5DA31C88A0C3001461DA /* Central */,
				7A424C781C8DCC3C00AD6D3B /* NSObject+Format.h */,
				7A424C791C8DCC3C00AD6D3B /* NSObject+Format.m */,
			);
			name = Model;
			path = ..;
			sourceTree = "<group>";
		};
		7A3D5DA11C889FE1001461DA /* Central */ = {
			isa = PBXGroup;
			children = (
				7A3D5DC51C88A300001461DA /* PeripheralListView.h */,
				7A3D5DC61C88A300001461DA /* PeripheralListView.m */,
				7A3D5DC71C88A300001461DA /* PeripheralListViewCell.h */,
				7A3D5DC81C88A300001461DA /* PeripheralListViewCell.m */,
			);
			name = Central;
			sourceTree = "<group>";
		};
		7A3D5DA21C889FEB001461DA /* Peripheral */ = {
			isa = PBXGroup;
			children = (
				7A3D5DBD1C88A2ED001461DA /* CentralListView.h */,
				7A3D5DBE1C88A2ED001461DA /* CentralListView.m */,
				7A3D5DBF1C88A2ED001461DA /* CentralListViewCell.h */,
				7A3D5DC01C88A2ED001461DA /* CentralListViewCell.m */,
			);
			name = Peripheral;
			sourceTree = "<group>";
		};
		7A3D5DA31C88A0C3001461DA /* Central */ = {
			isa = PBXGroup;
			children = (
				7A3D5DAD1C88A27F001461DA /* CCentral.h */,
				7A3D5DAE1C88A27F001461DA /* CCentral.m */,
			);
			name = Central;
			sourceTree = "<group>";
		};
		7A3D5DA41C88A0CA001461DA /* Peripheral */ = {
			isa = PBXGroup;
			children = (
				7A3D5DA51C88A26A001461DA /* CentralManager.h */,
				7A3D5DA61C88A26A001461DA /* CentralManager.m */,
				7A3D5DA71C88A26A001461DA /* CPeripheral.h */,
				7A3D5DA81C88A26A001461DA /* CPeripheral.m */,
			);
			name = Peripheral;
			sourceTree = "<group>";
		};
		7A9D0A711C49D568006F1F71 /* As a Central */ = {
			isa = PBXGroup;
			children = (
				7A3D5DB91C88A2D5001461DA /* PeripheralListViewController.h */,
				7A3D5DBA1C88A2D5001461DA /* PeripheralListViewController.m */,
			);
			name = "As a Central";
			path = BLELAN;
			sourceTree = "<group>";
		};
		7A9D0A721C49D582006F1F71 /* As a peripheral */ = {
			isa = PBXGroup;
			children = (
				7A3D5DB51C88A2CA001461DA /* CentralListViewController.h */,
				7A3D5DB61C88A2CA001461DA /* CentralListViewController.m */,
			);
			name = "As a peripheral";
			path = BLELAN;
			sourceTree = "<group>";
		};
		7A9D0A811C49E1EB006F1F71 /* Framework */ = {
			isa = PBXGroup;
			children = (
				7A9D0A851C49E926006F1F71 /* UIKit.framework */,
				7A9D0A7F1C49E1DD006F1F71 /* CoreBluetooth.framework */,
			);
			name = Framework;
			sourceTree = "<group>";
		};
		7A9D0A821C49E74A006F1F71 /* Utility */ = {
			isa = PBXGroup;
			children = (
				7A9D0A871C4A3DBB006F1F71 /* Constants.h */,
				7A9D0A9C1C4B6835006F1F71 /* helper.h */,
				7A9D0A9D1C4B6835006F1F71 /* helper.m */,
			);
			name = Utility;
			sourceTree = "<group>";
		};
		7A9D0AA41C4B957E006F1F71 /* Payload */ = {
			isa = PBXGroup;
			children = (
				7A3D5DB11C88A29D001461DA /* Payload.h */,
				7A3D5DB21C88A29D001461DA /* Payload.m */,
			);
			name = Payload;
			path = BLELAN;
			sourceTree = "<group>";
		};
/* End PBXGroup section */

/* Begin PBXHeadersBuildPhase section */
		57A6E3781C48E7DA00902F01 /* Headers */ = {
			isa = PBXHeadersBuildPhase;
			buildActionMask = 2147483647;
			files = (
				7A3D5DAB1C88A26A001461DA /* CPeripheral.h in Headers */,
				7A3D5DD31C88A32B001461DA /* FBShimmeringLayer.h in Headers */,
				7A3D5DBB1C88A2D5001461DA /* PeripheralListViewController.h in Headers */,
				7A3D5DD51C88A32B001461DA /* FBShimmeringView.h in Headers */,
				7A3D5DB71C88A2CA001461DA /* CentralListViewController.h in Headers */,
				7A3D5DD21C88A32B001461DA /* FBShimmering.h in Headers */,
				7A3D5DC11C88A2ED001461DA /* CentralListView.h in Headers */,
				7A3D5DD91C88A345001461DA /* FXBlurView.h in Headers */,
				7A9D0A881C4A3DBB006F1F71 /* Constants.h in Headers */,
				7A3D5DC31C88A2ED001461DA /* CentralListViewCell.h in Headers */,
				7A3D5DA91C88A26A001461DA /* CentralManager.h in Headers */,
				7A3D5DB31C88A29D001461DA /* Payload.h in Headers */,
				7A3D5DAF1C88A27F001461DA /* CCentral.h in Headers */,
				7A424C7A1C8DCC3C00AD6D3B /* NSObject+Format.h in Headers */,
				7A9D0A9E1C4B6835006F1F71 /* helper.h in Headers */,
				7A3D5DC91C88A300001461DA /* PeripheralListView.h in Headers */,
				57A6E37F1C48E7DA00902F01 /* Blelan.h in Headers */,
				7A3D5DCB1C88A300001461DA /* PeripheralListViewCell.h in Headers */,
			);
			runOnlyForDeploymentPostprocessing = 0;
		};
/* End PBXHeadersBuildPhase section */

/* Begin PBXNativeTarget section */
		57A6E37A1C48E7DA00902F01 /* BLELAN */ = {
			isa = PBXNativeTarget;
			buildConfigurationList = 57A6E3831C48E7DA00902F01 /* Build configuration list for PBXNativeTarget "BLELAN" */;
			buildPhases = (
				57A6E3761C48E7DA00902F01 /* Sources */,
				57A6E3771C48E7DA00902F01 /* Frameworks */,
				57A6E3781C48E7DA00902F01 /* Headers */,
				57A6E3791C48E7DA00902F01 /* Resources */,
			);
			buildRules = (
			);
			dependencies = (
			);
			name = BLELAN;
			productName = BLELAN;
			productReference = 57A6E37B1C48E7DA00902F01 /* Blelan.framework */;
			productType = "com.apple.product-type.framework";
		};
/* End PBXNativeTarget section */

/* Begin PBXProject section */
		57A6E3721C48E7DA00902F01 /* Project object */ = {
			isa = PBXProject;
			attributes = {
				LastUpgradeCheck = 0710;
				ORGANIZATIONNAME = luxiaofei;
				TargetAttributes = {
					57A6E37A1C48E7DA00902F01 = {
						CreatedOnToolsVersion = 7.1;
						DevelopmentTeam = D57P265ZDF;
					};
				};
			};
			buildConfigurationList = 57A6E3751C48E7DA00902F01 /* Build configuration list for PBXProject "Blelan" */;
			compatibilityVersion = "Xcode 3.2";
			developmentRegion = English;
			hasScannedForEncodings = 0;
			knownRegions = (
				en,
			);
			mainGroup = 57A6E3711C48E7DA00902F01;
			productRefGroup = 57A6E37C1C48E7DA00902F01 /* Products */;
			projectDirPath = "";
			projectRoot = "";
			targets = (
				57A6E37A1C48E7DA00902F01 /* BLELAN */,
			);
		};
/* End PBXProject section */

/* Begin PBXResourcesBuildPhase section */
		57A6E3791C48E7DA00902F01 /* Resources */ = {
			isa = PBXResourcesBuildPhase;
			buildActionMask = 2147483647;
			files = (
				575530A71C5B6C4B002FD82B /* middle.png in Resources */,
				575530A61C5B6C4B002FD82B /* low.png in Resources */,
				575530A51C5B6C4B002FD82B /* high.png in Resources */,
			);
			runOnlyForDeploymentPostprocessing = 0;
		};
/* End PBXResourcesBuildPhase section */

/* Begin PBXSourcesBuildPhase section */
		57A6E3761C48E7DA00902F01 /* Sources */ = {
			isa = PBXSourcesBuildPhase;
			buildActionMask = 2147483647;
			files = (
				57CEABA51C4E23E10064B3AB /* Blelan.m in Sources */,
				7A3D5DAA1C88A26A001461DA /* CentralManager.m in Sources */,
				7A3D5DDA1C88A345001461DA /* FXBlurView.m in Sources */,
				7A3D5DB41C88A29D001461DA /* Payload.m in Sources */,
				7A3D5DB01C88A27F001461DA /* CCentral.m in Sources */,
				7A3D5DD41C88A32B001461DA /* FBShimmeringLayer.m in Sources */,
				7A3D5DC41C88A2ED001461DA /* CentralListViewCell.m in Sources */,
				7A9D0A9F1C4B6835006F1F71 /* helper.m in Sources */,
				7A424C7B1C8DCC3C00AD6D3B /* NSObject+Format.m in Sources */,
				7A3D5DBC1C88A2D5001461DA /* PeripheralListViewController.m in Sources */,
				7A3D5DCC1C88A300001461DA /* PeripheralListViewCell.m in Sources */,
				7A3D5DB81C88A2CA001461DA /* CentralListViewController.m in Sources */,
				7A3D5DAC1C88A26A001461DA /* CPeripheral.m in Sources */,
				7A3D5DC21C88A2ED001461DA /* CentralListView.m in Sources */,
				7A3D5DD61C88A32B001461DA /* FBShimmeringView.m in Sources */,
				7A3D5DCA1C88A300001461DA /* PeripheralListView.m in Sources */,
			);
			runOnlyForDeploymentPostprocessing = 0;
		};
/* End PBXSourcesBuildPhase section */

/* Begin XCBuildConfiguration section */
		57A6E3811C48E7DA00902F01 /* Debug */ = {
			isa = XCBuildConfiguration;
			buildSettings = {
				ALWAYS_SEARCH_USER_PATHS = NO;
				CLANG_CXX_LANGUAGE_STANDARD = "gnu++0x";
				CLANG_CXX_LIBRARY = "libc++";
				CLANG_ENABLE_MODULES = YES;
				CLANG_ENABLE_OBJC_ARC = YES;
				CLANG_WARN_BOOL_CONVERSION = YES;
				CLANG_WARN_CONSTANT_CONVERSION = YES;
				CLANG_WARN_DIRECT_OBJC_ISA_USAGE = YES_ERROR;
				CLANG_WARN_EMPTY_BODY = YES;
				CLANG_WARN_ENUM_CONVERSION = YES;
				CLANG_WARN_INT_CONVERSION = YES;
				CLANG_WARN_OBJC_ROOT_CLASS = YES_ERROR;
				CLANG_WARN_UNREACHABLE_CODE = YES;
				CLANG_WARN__DUPLICATE_METHOD_MATCH = YES;
				"CODE_SIGN_IDENTITY[sdk=iphoneos*]" = "iPhone Developer";
				COPY_PHASE_STRIP = NO;
				CURRENT_PROJECT_VERSION = 1;
				DEBUG_INFORMATION_FORMAT = dwarf;
				ENABLE_STRICT_OBJC_MSGSEND = YES;
				ENABLE_TESTABILITY = YES;
				GCC_C_LANGUAGE_STANDARD = gnu99;
				GCC_DYNAMIC_NO_PIC = NO;
				GCC_NO_COMMON_BLOCKS = YES;
				GCC_OPTIMIZATION_LEVEL = 0;
				GCC_PREPROCESSOR_DEFINITIONS = (
					"DEBUG=1",
					"$(inherited)",
				);
				GCC_WARN_64_TO_32_BIT_CONVERSION = YES;
				GCC_WARN_ABOUT_RETURN_TYPE = YES_ERROR;
				GCC_WARN_UNDECLARED_SELECTOR = YES;
				GCC_WARN_UNINITIALIZED_AUTOS = YES_AGGRESSIVE;
				GCC_WARN_UNUSED_FUNCTION = YES;
				GCC_WARN_UNUSED_VARIABLE = YES;
				IPHONEOS_DEPLOYMENT_TARGET = 9.1;
				MTL_ENABLE_DEBUG_INFO = YES;
				ONLY_ACTIVE_ARCH = YES;
				SDKROOT = iphoneos;
				TARGETED_DEVICE_FAMILY = "1,2";
				VERSIONING_SYSTEM = "apple-generic";
				VERSION_INFO_PREFIX = "";
			};
			name = Debug;
		};
		57A6E3821C48E7DA00902F01 /* Release */ = {
			isa = XCBuildConfiguration;
			buildSettings = {
				ALWAYS_SEARCH_USER_PATHS = NO;
				CLANG_CXX_LANGUAGE_STANDARD = "gnu++0x";
				CLANG_CXX_LIBRARY = "libc++";
				CLANG_ENABLE_MODULES = YES;
				CLANG_ENABLE_OBJC_ARC = YES;
				CLANG_WARN_BOOL_CONVERSION = YES;
				CLANG_WARN_CONSTANT_CONVERSION = YES;
				CLANG_WARN_DIRECT_OBJC_ISA_USAGE = YES_ERROR;
				CLANG_WARN_EMPTY_BODY = YES;
				CLANG_WARN_ENUM_CONVERSION = YES;
				CLANG_WARN_INT_CONVERSION = YES;
				CLANG_WARN_OBJC_ROOT_CLASS = YES_ERROR;
				CLANG_WARN_UNREACHABLE_CODE = YES;
				CLANG_WARN__DUPLICATE_METHOD_MATCH = YES;
				"CODE_SIGN_IDENTITY[sdk=iphoneos*]" = "iPhone Developer";
				COPY_PHASE_STRIP = NO;
				CURRENT_PROJECT_VERSION = 1;
				DEBUG_INFORMATION_FORMAT = "dwarf-with-dsym";
				ENABLE_NS_ASSERTIONS = NO;
				ENABLE_STRICT_OBJC_MSGSEND = YES;
				GCC_C_LANGUAGE_STANDARD = gnu99;
				GCC_NO_COMMON_BLOCKS = YES;
				GCC_WARN_64_TO_32_BIT_CONVERSION = YES;
				GCC_WARN_ABOUT_RETURN_TYPE = YES_ERROR;
				GCC_WARN_UNDECLARED_SELECTOR = YES;
				GCC_WARN_UNINITIALIZED_AUTOS = YES_AGGRESSIVE;
				GCC_WARN_UNUSED_FUNCTION = YES;
				GCC_WARN_UNUSED_VARIABLE = YES;
				IPHONEOS_DEPLOYMENT_TARGET = 9.1;
				MTL_ENABLE_DEBUG_INFO = NO;
				SDKROOT = iphoneos;
				TARGETED_DEVICE_FAMILY = "1,2";
				VALIDATE_PRODUCT = YES;
				VERSIONING_SYSTEM = "apple-generic";
				VERSION_INFO_PREFIX = "";
			};
			name = Release;
		};
		57A6E3841C48E7DA00902F01 /* Debug */ = {
			isa = XCBuildConfiguration;
			buildSettings = {
				CODE_SIGN_IDENTITY = "iPhone Developer";
				CONFIGURATION_BUILD_DIR = "$(SRCROOT)/testDemo/";
				DEFINES_MODULE = YES;
				DYLIB_COMPATIBILITY_VERSION = 1;
				DYLIB_CURRENT_VERSION = 1;
				DYLIB_INSTALL_NAME_BASE = "@rpath";
				HEADER_SEARCH_PATHS = (
					"$(SRCROOT)/BLELAN/controller/central",
					"$(SRCROOT)/BLELAN/controller/peripheral",
					"$(SRCROOT)/BLELAN/model/central",
					"$(SRCROOT)/BLELAN/model/peripheral",
					"$(SRCROOT)/BLELAN/model/payload",
					"$(SRCROOT)/BLELAN/utility",
					"$(SRCROOT)/BLELAN/view/central",
					"$(SRCROOT)/BLELAN/view/peripheral",
					"$(SRCROOT)/BLELAN/view/third/FBShimmering",
					"$(SRCROOT)/BLELAN/view/third/FXBlurView",
				);
				INFOPLIST_FILE = BLELAN/Info.plist;
				INSTALL_PATH = "$(LOCAL_LIBRARY_DIR)/Frameworks";
				IPHONEOS_DEPLOYMENT_TARGET = 7.1;
				LD_RUNPATH_SEARCH_PATHS = "$(inherited) @executable_path/Frameworks @loader_path/Frameworks";
				PRODUCT_BUNDLE_IDENTIFIER = com.archermind.BLELAN;
				PRODUCT_NAME = Blelan;
				SKIP_INSTALL = YES;
			};
			name = Debug;
		};
		57A6E3851C48E7DA00902F01 /* Release */ = {
			isa = XCBuildConfiguration;
			buildSettings = {
				CODE_SIGN_IDENTITY = "iPhone Developer";
				CONFIGURATION_BUILD_DIR = "$(SRCROOT)/testDemo/";
				DEFINES_MODULE = YES;
				DYLIB_COMPATIBILITY_VERSION = 1;
				DYLIB_CURRENT_VERSION = 1;
				DYLIB_INSTALL_NAME_BASE = "@rpath";
				HEADER_SEARCH_PATHS = (
					"$(SRCROOT)/BLELAN/controller/central",
					"$(SRCROOT)/BLELAN/controller/peripheral",
					"$(SRCROOT)/BLELAN/model/central",
					"$(SRCROOT)/BLELAN/model/peripheral",
					"$(SRCROOT)/BLELAN/model/payload",
					"$(SRCROOT)/BLELAN/utility",
					"$(SRCROOT)/BLELAN/view/central",
					"$(SRCROOT)/BLELAN/view/peripheral",
					"$(SRCROOT)/BLELAN/view/third/FBShimmering",
					"$(SRCROOT)/BLELAN/view/third/FXBlurView",
				);
				INFOPLIST_FILE = BLELAN/Info.plist;
				INSTALL_PATH = "$(LOCAL_LIBRARY_DIR)/Frameworks";
				IPHONEOS_DEPLOYMENT_TARGET = 7.1;
				LD_RUNPATH_SEARCH_PATHS = "$(inherited) @executable_path/Frameworks @loader_path/Frameworks";
				PRODUCT_BUNDLE_IDENTIFIER = com.archermind.BLELAN;
				PRODUCT_NAME = Blelan;
				SKIP_INSTALL = YES;
			};
			name = Release;
		};
/* End XCBuildConfiguration section */

/* Begin XCConfigurationList section */
		57A6E3751C48E7DA00902F01 /* Build configuration list for PBXProject "Blelan" */ = {
			isa = XCConfigurationList;
			buildConfigurations = (
				57A6E3811C48E7DA00902F01 /* Debug */,
				57A6E3821C48E7DA00902F01 /* Release */,
			);
			defaultConfigurationIsVisible = 0;
			defaultConfigurationName = Release;
		};
		57A6E3831C48E7DA00902F01 /* Build configuration list for PBXNativeTarget "BLELAN" */ = {
			isa = XCConfigurationList;
			buildConfigurations = (
				57A6E3841C48E7DA00902F01 /* Debug */,
				57A6E3851C48E7DA00902F01 /* Release */,
			);
			defaultConfigurationIsVisible = 0;
			defaultConfigurationName = Release;
		};
/* End XCConfigurationList section */
	};
	rootObject = 57A6E3721C48E7DA00902F01 /* Project object */;
}
